
Microsoft Visual Studio Solution File, Format Version 12.00
# Visual Studio Version 16
VisualStudioVersion = 16.0.31321.278
MinimumVisualStudioVersion = 10.0.40219.1
Project("{9A19103F-16F7-4668-BE54-9A1E7A4F7556}") = "MailLogging", "MailLogging.csproj", "{45454FC6-45B9-4567-817A-8EB3F4D4906B}"
EndProject
Global
	GlobalSection(SolutionConfigurationPlatforms) = preSolution
		Debug|Any CPU = Debug|Any CPU
		Release|Any CPU = Release|Any CPU
	EndGlobalSection
	GlobalSection(ProjectConfigurationPlatforms) = postSolution
		{45454FC6-45B9-4567-817A-8EB3F4D4906B}.Debug|Any CPU.ActiveCfg = Debug|Any CPU
		{45454FC6-45B9-4567-817A-8EB3F4D4906B}.Debug|Any CPU.Build.0 = Debug|Any CPU
		{45454FC6-45B9-4567-817A-8EB3F4D4906B}.Release|Any CPU.ActiveCfg = Release|Any CPU
		{45454FC6-45B9-4567-817A-8EB3F4D4906B}.Release|Any CPU.Build.0 = Release|Any CPU
	EndGlobalSection
	GlobalSection(SolutionProperties) = preSolution
		HideSolutionNode = FALSE
	EndGlobalSection
	GlobalSection(ExtensibilityGlobals) = postSolution
		SolutionGuid = {18D7A2B0-44D0-4454-81D4-F672FEE1224E}
	EndGlobalSection
EndGlobal
